// !$*UTF8*$!
{
	archiveVersion = 1;
	classes = {
	};
	objectVersion = 51;
	objects = {

/* Begin PBXBuildFile section */
		CE975D3B2707FACD00FA2050 /* AppDelegate.swift in Sources */ = {isa = PBXBuildFile; fileRef = CE975D3A2707FACD00FA2050 /* AppDelegate.swift */; };
		CE975D3F2707FACD00FA2050 /* MainViewController.swift in Sources */ = {isa = PBXBuildFile; fileRef = CE975D3E2707FACD00FA2050 /* MainViewController.swift */; };
		CE975D422707FACD00FA2050 /* Main.storyboard in Resources */ = {isa = PBXBuildFile; fileRef = CE975D402707FACD00FA2050 /* Main.storyboard */; };
		CE975D442707FACE00FA2050 /* Assets.xcassets in Resources */ = {isa = PBXBuildFile; fileRef = CE975D432707FACE00FA2050 /* Assets.xcassets */; };
		CE975D472707FACE00FA2050 /* LaunchScreen.storyboard in Resources */ = {isa = PBXBuildFile; fileRef = CE975D452707FACE00FA2050 /* LaunchScreen.storyboard */; };
		CE975D5027084D7300FA2050 /* NetworkProvider.swift in Sources */ = {isa = PBXBuildFile; fileRef = CE975D4F27084D7300FA2050 /* NetworkProvider.swift */; };
		CE975D532708885E00FA2050 /* BasicService.swift in Sources */ = {isa = PBXBuildFile; fileRef = CE975D522708885E00FA2050 /* BasicService.swift */; };
		CE975D5B27088BE600FA2050 /* MainViewModel.swift in Sources */ = {isa = PBXBuildFile; fileRef = CE975D5A27088BE600FA2050 /* MainViewModel.swift */; };
		CE975D6227088C7300FA2050 /* CreateViewModel.swift in Sources */ = {isa = PBXBuildFile; fileRef = CE975D5D27088C7300FA2050 /* CreateViewModel.swift */; };
		CE975D6327088C7300FA2050 /* CreateViewController.swift in Sources */ = {isa = PBXBuildFile; fileRef = CE975D5F27088C7300FA2050 /* CreateViewController.swift */; };
		CE975D6427088C7300FA2050 /* Create.storyboard in Resources */ = {isa = PBXBuildFile; fileRef = CE975D6127088C7300FA2050 /* Create.storyboard */; };
		CE975D6B27088C9400FA2050 /* CoverEditViewModel.swift in Sources */ = {isa = PBXBuildFile; fileRef = CE975D6627088C9400FA2050 /* CoverEditViewModel.swift */; };
		CE975D6C27088C9400FA2050 /* CoverEdit.storyboard in Resources */ = {isa = PBXBuildFile; fileRef = CE975D6827088C9400FA2050 /* CoverEdit.storyboard */; };
		CE975D6D27088C9400FA2050 /* CoverEditViewController.swift in Sources */ = {isa = PBXBuildFile; fileRef = CE975D6A27088C9400FA2050 /* CoverEditViewController.swift */; };
		CE975D7027089B5100FA2050 /* Color.xcassets in Resources */ = {isa = PBXBuildFile; fileRef = CE975D6F27089B5100FA2050 /* Color.xcassets */; };
		CE975D7327089E9A00FA2050 /* UIColor+.swift in Sources */ = {isa = PBXBuildFile; fileRef = CE975D7227089E9A00FA2050 /* UIColor+.swift */; };
		CE975D752708A36500FA2050 /* CreateBadgeSelectionViewController.swift in Sources */ = {isa = PBXBuildFile; fileRef = CE975D742708A36500FA2050 /* CreateBadgeSelectionViewController.swift */; };
		CE975D772708A3C100FA2050 /* CreateBadgeSelectionViewModel.swift in Sources */ = {isa = PBXBuildFile; fileRef = CE975D762708A3C100FA2050 /* CreateBadgeSelectionViewModel.swift */; };
		CE975D7A2708B04200FA2050 /* CreateBadgeSelectionTableViewCell.swift in Sources */ = {isa = PBXBuildFile; fileRef = CE975D792708B04200FA2050 /* CreateBadgeSelectionTableViewCell.swift */; };
		CE975D7D2708D5CA00FA2050 /* DaengnyangWebView.swift in Sources */ = {isa = PBXBuildFile; fileRef = CE975D7C2708D5CA00FA2050 /* DaengnyangWebView.swift */; };
		CE975D802708DA1B00FA2050 /* WebContainerView.storyboard in Resources */ = {isa = PBXBuildFile; fileRef = CE975D7F2708DA1B00FA2050 /* WebContainerView.storyboard */; };
		CE975D832708DA5100FA2050 /* WebContainerViewController.swift in Sources */ = {isa = PBXBuildFile; fileRef = CE975D822708DA5100FA2050 /* WebContainerViewController.swift */; };
		ED4C56B3C976FCE0AF67F942 /* Pods_DaengnyangDiary.framework in Frameworks */ = {isa = PBXBuildFile; fileRef = 3E1EF9502F28CC9B63FCEC4F /* Pods_DaengnyangDiary.framework */; };
		FFAE3E4D270899F200B2CC77 /* UITableViewExtension.swift in Sources */ = {isa = PBXBuildFile; fileRef = FFAE3E4C270899F200B2CC77 /* UITableViewExtension.swift */; };
		FFAE3E5727089CD000B2CC77 /* MainHeaderTableViewCell.swift in Sources */ = {isa = PBXBuildFile; fileRef = FFAE3E5527089CD000B2CC77 /* MainHeaderTableViewCell.swift */; };
		FFAE3E5827089CD000B2CC77 /* MainHeaderTableViewCell.xib in Resources */ = {isa = PBXBuildFile; fileRef = FFAE3E5627089CD000B2CC77 /* MainHeaderTableViewCell.xib */; };
		FFAE3E5F27089D6E00B2CC77 /* MainCovercardTableViewCell.swift in Sources */ = {isa = PBXBuildFile; fileRef = FFAE3E5D27089D6E00B2CC77 /* MainCovercardTableViewCell.swift */; };
		FFAE3E6027089D6E00B2CC77 /* MainCovercardTableViewCell.xib in Resources */ = {isa = PBXBuildFile; fileRef = FFAE3E5E27089D6E00B2CC77 /* MainCovercardTableViewCell.xib */; };
		FFAE3E632708A14300B2CC77 /* (null) in Sources */ = {isa = PBXBuildFile; };
		FFAE3E672708AA9100B2CC77 /* MainCoverCardCollectionViewCell.swift in Sources */ = {isa = PBXBuildFile; fileRef = FFAE3E652708AA9100B2CC77 /* MainCoverCardCollectionViewCell.swift */; };
		FFAE3E682708AA9100B2CC77 /* MainCoverCardCollectionViewCell.xib in Resources */ = {isa = PBXBuildFile; fileRef = FFAE3E662708AA9100B2CC77 /* MainCoverCardCollectionViewCell.xib */; };
		FFAE3E6A2708AB1700B2CC77 /* UICollectionViewExtension.swift in Sources */ = {isa = PBXBuildFile; fileRef = FFAE3E692708AB1700B2CC77 /* UICollectionViewExtension.swift */; };
		FFAE3E6F2708C31900B2CC77 /* SelectYearButton.swift in Sources */ = {isa = PBXBuildFile; fileRef = FFAE3E6E2708C31900B2CC77 /* SelectYearButton.swift */; };
		FFAE3E732708C73A00B2CC77 /* Image.xcassets in Resources */ = {isa = PBXBuildFile; fileRef = FFAE3E722708C73A00B2CC77 /* Image.xcassets */; };
		FFAE3E752708C7F700B2CC77 /* imageAsset.swift in Sources */ = {isa = PBXBuildFile; fileRef = FFAE3E742708C7F700B2CC77 /* imageAsset.swift */; };
		FFAE3E772708CC5300B2CC77 /* DateExtension.swift in Sources */ = {isa = PBXBuildFile; fileRef = FFAE3E762708CC5300B2CC77 /* DateExtension.swift */; };
		FFAE3E792708CE0E00B2CC77 /* UIViewExtension.swift in Sources */ = {isa = PBXBuildFile; fileRef = FFAE3E782708CE0E00B2CC77 /* UIViewExtension.swift */; };
		FFAE3E7A2708D1A000B2CC77 /* UIColor+.swift in Sources */ = {isa = PBXBuildFile; fileRef = CE975D7227089E9A00FA2050 /* UIColor+.swift */; };
/* End PBXBuildFile section */

/* Begin PBXFileReference section */
		3E1EF9502F28CC9B63FCEC4F /* Pods_DaengnyangDiary.framework */ = {isa = PBXFileReference; explicitFileType = wrapper.framework; includeInIndex = 0; path = Pods_DaengnyangDiary.framework; sourceTree = BUILT_PRODUCTS_DIR; };
		664A97504CB91B17558B4729 /* Pods-DaengnyangDiary.debug.xcconfig */ = {isa = PBXFileReference; includeInIndex = 1; lastKnownFileType = text.xcconfig; name = "Pods-DaengnyangDiary.debug.xcconfig"; path = "Target Support Files/Pods-DaengnyangDiary/Pods-DaengnyangDiary.debug.xcconfig"; sourceTree = "<group>"; };
		8C081AFD5517449BF0C9DE9A /* Pods-DaengnyangDiary.release.xcconfig */ = {isa = PBXFileReference; includeInIndex = 1; lastKnownFileType = text.xcconfig; name = "Pods-DaengnyangDiary.release.xcconfig"; path = "Target Support Files/Pods-DaengnyangDiary/Pods-DaengnyangDiary.release.xcconfig"; sourceTree = "<group>"; };
		CE975D372707FACD00FA2050 /* DaengnyangDiary.app */ = {isa = PBXFileReference; explicitFileType = wrapper.application; includeInIndex = 0; path = DaengnyangDiary.app; sourceTree = BUILT_PRODUCTS_DIR; };
		CE975D3A2707FACD00FA2050 /* AppDelegate.swift */ = {isa = PBXFileReference; lastKnownFileType = sourcecode.swift; path = AppDelegate.swift; sourceTree = "<group>"; };
		CE975D3E2707FACD00FA2050 /* MainViewController.swift */ = {isa = PBXFileReference; lastKnownFileType = sourcecode.swift; path = MainViewController.swift; sourceTree = "<group>"; };
		CE975D412707FACD00FA2050 /* Base */ = {isa = PBXFileReference; lastKnownFileType = file.storyboard; name = Base; path = Base.lproj/Main.storyboard; sourceTree = "<group>"; };
		CE975D432707FACE00FA2050 /* Assets.xcassets */ = {isa = PBXFileReference; lastKnownFileType = folder.assetcatalog; path = Assets.xcassets; sourceTree = "<group>"; };
		CE975D462707FACE00FA2050 /* Base */ = {isa = PBXFileReference; lastKnownFileType = file.storyboard; name = Base; path = Base.lproj/LaunchScreen.storyboard; sourceTree = "<group>"; };
		CE975D482707FACE00FA2050 /* Info.plist */ = {isa = PBXFileReference; lastKnownFileType = text.plist.xml; path = Info.plist; sourceTree = "<group>"; };
		CE975D4F27084D7300FA2050 /* NetworkProvider.swift */ = {isa = PBXFileReference; lastKnownFileType = sourcecode.swift; path = NetworkProvider.swift; sourceTree = "<group>"; };
		CE975D522708885E00FA2050 /* BasicService.swift */ = {isa = PBXFileReference; lastKnownFileType = sourcecode.swift; path = BasicService.swift; sourceTree = "<group>"; };
		CE975D5A27088BE600FA2050 /* MainViewModel.swift */ = {isa = PBXFileReference; lastKnownFileType = sourcecode.swift; path = MainViewModel.swift; sourceTree = "<group>"; };
		CE975D5D27088C7300FA2050 /* CreateViewModel.swift */ = {isa = PBXFileReference; fileEncoding = 4; lastKnownFileType = sourcecode.swift; path = CreateViewModel.swift; sourceTree = "<group>"; };
		CE975D5F27088C7300FA2050 /* CreateViewController.swift */ = {isa = PBXFileReference; fileEncoding = 4; lastKnownFileType = sourcecode.swift; path = CreateViewController.swift; sourceTree = "<group>"; };
		CE975D6127088C7300FA2050 /* Create.storyboard */ = {isa = PBXFileReference; fileEncoding = 4; lastKnownFileType = file.storyboard; path = Create.storyboard; sourceTree = "<group>"; };
		CE975D6627088C9400FA2050 /* CoverEditViewModel.swift */ = {isa = PBXFileReference; fileEncoding = 4; lastKnownFileType = sourcecode.swift; path = CoverEditViewModel.swift; sourceTree = "<group>"; };
		CE975D6827088C9400FA2050 /* CoverEdit.storyboard */ = {isa = PBXFileReference; fileEncoding = 4; lastKnownFileType = file.storyboard; path = CoverEdit.storyboard; sourceTree = "<group>"; };
		CE975D6A27088C9400FA2050 /* CoverEditViewController.swift */ = {isa = PBXFileReference; fileEncoding = 4; lastKnownFileType = sourcecode.swift; path = CoverEditViewController.swift; sourceTree = "<group>"; };
		CE975D6F27089B5100FA2050 /* Color.xcassets */ = {isa = PBXFileReference; lastKnownFileType = folder.assetcatalog; path = Color.xcassets; sourceTree = "<group>"; };
		CE975D7227089E9A00FA2050 /* UIColor+.swift */ = {isa = PBXFileReference; lastKnownFileType = sourcecode.swift; path = "UIColor+.swift"; sourceTree = "<group>"; };
		FFAE3E4C270899F200B2CC77 /* UITableViewExtension.swift */ = {isa = PBXFileReference; lastKnownFileType = sourcecode.swift; path = UITableViewExtension.swift; sourceTree = "<group>"; };
		FFAE3E5527089CD000B2CC77 /* MainHeaderTableViewCell.swift */ = {isa = PBXFileReference; lastKnownFileType = sourcecode.swift; path = MainHeaderTableViewCell.swift; sourceTree = "<group>"; };
		FFAE3E5627089CD000B2CC77 /* MainHeaderTableViewCell.xib */ = {isa = PBXFileReference; lastKnownFileType = file.xib; path = MainHeaderTableViewCell.xib; sourceTree = "<group>"; };
		FFAE3E5D27089D6E00B2CC77 /* MainCovercardTableViewCell.swift */ = {isa = PBXFileReference; lastKnownFileType = sourcecode.swift; path = MainCovercardTableViewCell.swift; sourceTree = "<group>"; };
		FFAE3E5E27089D6E00B2CC77 /* MainCovercardTableViewCell.xib */ = {isa = PBXFileReference; lastKnownFileType = file.xib; path = MainCovercardTableViewCell.xib; sourceTree = "<group>"; };
		FFAE3E652708AA9100B2CC77 /* MainCoverCardCollectionViewCell.swift */ = {isa = PBXFileReference; lastKnownFileType = sourcecode.swift; path = MainCoverCardCollectionViewCell.swift; sourceTree = "<group>"; };
		FFAE3E662708AA9100B2CC77 /* MainCoverCardCollectionViewCell.xib */ = {isa = PBXFileReference; lastKnownFileType = file.xib; path = MainCoverCardCollectionViewCell.xib; sourceTree = "<group>"; };
		FFAE3E692708AB1700B2CC77 /* UICollectionViewExtension.swift */ = {isa = PBXFileReference; lastKnownFileType = sourcecode.swift; path = UICollectionViewExtension.swift; sourceTree = "<group>"; };
		FFAE3E6E2708C31900B2CC77 /* SelectYearButton.swift */ = {isa = PBXFileReference; lastKnownFileType = sourcecode.swift; path = SelectYearButton.swift; sourceTree = "<group>"; };
		FFAE3E722708C73A00B2CC77 /* Image.xcassets */ = {isa = PBXFileReference; lastKnownFileType = folder.assetcatalog; path = Image.xcassets; sourceTree = "<group>"; };
		FFAE3E742708C7F700B2CC77 /* imageAsset.swift */ = {isa = PBXFileReference; fileEncoding = 4; lastKnownFileType = sourcecode.swift; path = imageAsset.swift; sourceTree = "<group>"; };
		CE975D742708A36500FA2050 /* CreateBadgeSelectionViewController.swift */ = {isa = PBXFileReference; lastKnownFileType = sourcecode.swift; path = CreateBadgeSelectionViewController.swift; sourceTree = "<group>"; };
		CE975D762708A3C100FA2050 /* CreateBadgeSelectionViewModel.swift */ = {isa = PBXFileReference; lastKnownFileType = sourcecode.swift; path = CreateBadgeSelectionViewModel.swift; sourceTree = "<group>"; };
		CE975D792708B04200FA2050 /* CreateBadgeSelectionTableViewCell.swift */ = {isa = PBXFileReference; lastKnownFileType = sourcecode.swift; path = CreateBadgeSelectionTableViewCell.swift; sourceTree = "<group>"; };
		CE975D7C2708D5CA00FA2050 /* DaengnyangWebView.swift */ = {isa = PBXFileReference; lastKnownFileType = sourcecode.swift; path = DaengnyangWebView.swift; sourceTree = "<group>"; };
		CE975D7F2708DA1B00FA2050 /* WebContainerView.storyboard */ = {isa = PBXFileReference; lastKnownFileType = file.storyboard; path = WebContainerView.storyboard; sourceTree = "<group>"; };
		CE975D822708DA5100FA2050 /* WebContainerViewController.swift */ = {isa = PBXFileReference; lastKnownFileType = sourcecode.swift; path = WebContainerViewController.swift; sourceTree = "<group>"; };
		FFAE3E722708C73A00B2CC77 /* Image.xcassets */ = {isa = PBXFileReference; lastKnownFileType = folder.assetcatalog; path = Image.xcassets; sourceTree = "<group>"; };
		FFAE3E742708C7F700B2CC77 /* imageAsset.swift */ = {isa = PBXFileReference; fileEncoding = 4; lastKnownFileType = sourcecode.swift; path = imageAsset.swift; sourceTree = "<group>"; };
		FFAE3E762708CC5300B2CC77 /* DateExtension.swift */ = {isa = PBXFileReference; lastKnownFileType = sourcecode.swift; path = DateExtension.swift; sourceTree = "<group>"; };
		FFAE3E782708CE0E00B2CC77 /* UIViewExtension.swift */ = {isa = PBXFileReference; lastKnownFileType = sourcecode.swift; path = UIViewExtension.swift; sourceTree = "<group>"; };
/* End PBXFileReference section */

/* Begin PBXFrameworksBuildPhase section */
		CE975D342707FACD00FA2050 /* Frameworks */ = {
			isa = PBXFrameworksBuildPhase;
			buildActionMask = 2147483647;
			files = (
				ED4C56B3C976FCE0AF67F942 /* Pods_DaengnyangDiary.framework in Frameworks */,
			);
			runOnlyForDeploymentPostprocessing = 0;
		};
/* End PBXFrameworksBuildPhase section */

/* Begin PBXGroup section */
		18330EFF210A8720C289A1DC /* Pods */ = {
			isa = PBXGroup;
			children = (
				664A97504CB91B17558B4729 /* Pods-DaengnyangDiary.debug.xcconfig */,
				8C081AFD5517449BF0C9DE9A /* Pods-DaengnyangDiary.release.xcconfig */,
			);
			path = Pods;
			sourceTree = "<group>";
		};
		9B01A02D42AC723BD94BB815 /* Frameworks */ = {
			isa = PBXGroup;
			children = (
				3E1EF9502F28CC9B63FCEC4F /* Pods_DaengnyangDiary.framework */,
			);
			name = Frameworks;
			sourceTree = "<group>";
		};
		CE975D2E2707FACD00FA2050 = {
			isa = PBXGroup;
			children = (
				CE975D392707FACD00FA2050 /* DaengnyangDiary */,
				CE975D382707FACD00FA2050 /* Products */,
				18330EFF210A8720C289A1DC /* Pods */,
				9B01A02D42AC723BD94BB815 /* Frameworks */,
			);
			sourceTree = "<group>";
		};
		CE975D382707FACD00FA2050 /* Products */ = {
			isa = PBXGroup;
			children = (
				CE975D372707FACD00FA2050 /* DaengnyangDiary.app */,
			);
			name = Products;
			sourceTree = "<group>";
		};
		CE975D392707FACD00FA2050 /* DaengnyangDiary */ = {
			isa = PBXGroup;
			children = (
				CE975D7B2708D59A00FA2050 /* WebView */,
				FFAE3E612708A14300B2CC77 /* Extension */,
				CE975D5127084E3000FA2050 /* Supporting Files */,
				CE975D4E27084CC800FA2050 /* Network */,
				CE975D5527088A0500FA2050 /* Main */,
				CE975D54270889C900FA2050 /* Create */,
				CE975D5627088A3400FA2050 /* CoverEdit */,
				CE975D3A2707FACD00FA2050 /* AppDelegate.swift */,
				CE975D452707FACE00FA2050 /* LaunchScreen.storyboard */,
			);
			path = DaengnyangDiary;
			sourceTree = "<group>";
		};
		CE975D4E27084CC800FA2050 /* Network */ = {
			isa = PBXGroup;
			children = (
				CE975D4F27084D7300FA2050 /* NetworkProvider.swift */,
				CE975D522708885E00FA2050 /* BasicService.swift */,
			);
			path = Network;
			sourceTree = "<group>";
		};
		CE975D5127084E3000FA2050 /* Supporting Files */ = {
			isa = PBXGroup;
			children = (
				CE975D6F27089B5100FA2050 /* Color.xcassets */,
				CE975D432707FACE00FA2050 /* Assets.xcassets */,
				FFAE3E722708C73A00B2CC77 /* Image.xcassets */,
				CE975D482707FACE00FA2050 /* Info.plist */,
			);
			path = "Supporting Files";
			sourceTree = "<group>";
		};
		CE975D54270889C900FA2050 /* Create */ = {
			isa = PBXGroup;
			children = (
				CE975D6027088C7300FA2050 /* View */,
				CE975D5E27088C7300FA2050 /* ViewController */,
				CE975D5C27088C7300FA2050 /* ViewModel */,
			);
			path = Create;
			sourceTree = "<group>";
		};
		CE975D5527088A0500FA2050 /* Main */ = {
			isa = PBXGroup;
			children = (
				CE975D5727088B8700FA2050 /* ViewModel */,
				CE975D5927088BC800FA2050 /* ViewController */,
				CE975D5827088B9C00FA2050 /* View */,
				FFAE3E4E27089B8700B2CC77 /* TableViewCell */,
			);
			path = Main;
			sourceTree = "<group>";
		};
		CE975D5627088A3400FA2050 /* CoverEdit */ = {
			isa = PBXGroup;
			children = (
				CE975D6727088C9400FA2050 /* View */,
				CE975D6927088C9400FA2050 /* ViewController */,
				CE975D6527088C9400FA2050 /* ViewModel */,
			);
			path = CoverEdit;
			sourceTree = "<group>";
		};
		CE975D5727088B8700FA2050 /* ViewModel */ = {
			isa = PBXGroup;
			children = (
				CE975D5A27088BE600FA2050 /* MainViewModel.swift */,
			);
			path = ViewModel;
			sourceTree = "<group>";
		};
		CE975D5827088B9C00FA2050 /* View */ = {
			isa = PBXGroup;
			children = (
				CE975D402707FACD00FA2050 /* Main.storyboard */,
			);
			path = View;
			sourceTree = "<group>";
		};
		CE975D5927088BC800FA2050 /* ViewController */ = {
			isa = PBXGroup;
			children = (
				CE975D3E2707FACD00FA2050 /* MainViewController.swift */,
			);
			path = ViewController;
			sourceTree = "<group>";
		};
		CE975D5C27088C7300FA2050 /* ViewModel */ = {
			isa = PBXGroup;
			children = (
				CE975D5D27088C7300FA2050 /* CreateViewModel.swift */,
				CE975D762708A3C100FA2050 /* CreateBadgeSelectionViewModel.swift */,
			);
			path = ViewModel;
			sourceTree = "<group>";
		};
		CE975D5E27088C7300FA2050 /* ViewController */ = {
			isa = PBXGroup;
			children = (
				CE975D5F27088C7300FA2050 /* CreateViewController.swift */,
				CE975D742708A36500FA2050 /* CreateBadgeSelectionViewController.swift */,
			);
			path = ViewController;
			sourceTree = "<group>";
		};
		CE975D6027088C7300FA2050 /* View */ = {
			isa = PBXGroup;
			children = (
				CE975D782708B02500FA2050 /* Cell */,
				CE975D6127088C7300FA2050 /* Create.storyboard */,
			);
			path = View;
			sourceTree = "<group>";
		};
		CE975D6527088C9400FA2050 /* ViewModel */ = {
			isa = PBXGroup;
			children = (
				CE975D6627088C9400FA2050 /* CoverEditViewModel.swift */,
			);
			path = ViewModel;
			sourceTree = "<group>";
		};
		CE975D6727088C9400FA2050 /* View */ = {
			isa = PBXGroup;
			children = (
				CE975D6827088C9400FA2050 /* CoverEdit.storyboard */,
			);
			path = View;
			sourceTree = "<group>";
		};
		CE975D6927088C9400FA2050 /* ViewController */ = {
			isa = PBXGroup;
			children = (
				CE975D6A27088C9400FA2050 /* CoverEditViewController.swift */,
			);
			path = ViewController;
			sourceTree = "<group>";
		};
		FFAE3E4E27089B8700B2CC77 /* TableViewCell */ = {
			isa = PBXGroup;
			children = (
				FFAE3E5427089CB400B2CC77 /* Header */,
				FFAE3E4F27089B9500B2CC77 /* CoverCard */,
			);
			path = TableViewCell;
			sourceTree = "<group>";
		};
		FFAE3E4F27089B9500B2CC77 /* CoverCard */ = {
			isa = PBXGroup;
			children = (
				FFAE3E5D27089D6E00B2CC77 /* MainCovercardTableViewCell.swift */,
				FFAE3E5E27089D6E00B2CC77 /* MainCovercardTableViewCell.xib */,
				FFAE3E6D2708C2EE00B2CC77 /* CustomButton */,
				FFAE3E642708A9CE00B2CC77 /* Cell */,
			);
			path = CoverCard;
			sourceTree = "<group>";
		};
		FFAE3E5427089CB400B2CC77 /* Header */ = {
			isa = PBXGroup;
			children = (
				FFAE3E5527089CD000B2CC77 /* MainHeaderTableViewCell.swift */,
				FFAE3E5627089CD000B2CC77 /* MainHeaderTableViewCell.xib */,
			);
			path = Header;
			sourceTree = "<group>";
		};
		FFAE3E612708A14300B2CC77 /* Extension */ = {
			isa = PBXGroup;
			children = (
				FFAE3E4C270899F200B2CC77 /* UITableViewExtension.swift */,
				FFAE3E692708AB1700B2CC77 /* UICollectionViewExtension.swift */,
				CE975D7227089E9A00FA2050 /* UIColor+.swift */,
				FFAE3E742708C7F700B2CC77 /* imageAsset.swift */,
				FFAE3E762708CC5300B2CC77 /* DateExtension.swift */,
				FFAE3E782708CE0E00B2CC77 /* UIViewExtension.swift */,
			);
			path = Extension;
			sourceTree = "<group>";
		};
		CE975D782708B02500FA2050 /* Cell */ = {
			isa = PBXGroup;
			children = (
				CE975D792708B04200FA2050 /* CreateBadgeSelectionTableViewCell.swift */,
			);
			path = Cell;
			sourceTree = "<group>";
		};
		FFAE3E642708A9CE00B2CC77 /* Cell */ = {
			isa = PBXGroup;
			children = (
				FFAE3E652708AA9100B2CC77 /* MainCoverCardCollectionViewCell.swift */,
				FFAE3E662708AA9100B2CC77 /* MainCoverCardCollectionViewCell.xib */,
			);
			path = Cell;
			sourceTree = "<group>";
		};
		CE975D7B2708D59A00FA2050 /* WebView */ = {
			isa = PBXGroup;
			children = (
				CE975D812708DA3D00FA2050 /* ViewController */,
				CE975D7E2708DA0300FA2050 /* View */,
				CE975D7C2708D5CA00FA2050 /* DaengnyangWebView.swift */,
			);
			path = WebView;
			sourceTree = "<group>";
		};
		CE975D7E2708DA0300FA2050 /* View */ = {
			isa = PBXGroup;
			children = (
				CE975D7F2708DA1B00FA2050 /* WebContainerView.storyboard */,
			);
			path = View;
			sourceTree = "<group>";
		};
		CE975D812708DA3D00FA2050 /* ViewController */ = {
			isa = PBXGroup;
			children = (
				CE975D822708DA5100FA2050 /* WebContainerViewController.swift */,
			);
			path = ViewController;
			sourceTree = "<group>";
		};
		FFAE3E6D2708C2EE00B2CC77 /* CustomButton */ = {
			isa = PBXGroup;
			children = (
				FFAE3E6E2708C31900B2CC77 /* SelectYearButton.swift */,
			);
			path = CustomButton;
			sourceTree = "<group>";
		};
/* End PBXGroup section */

/* Begin PBXNativeTarget section */
		CE975D362707FACD00FA2050 /* DaengnyangDiary */ = {
			isa = PBXNativeTarget;
			buildConfigurationList = CE975D4B2707FACE00FA2050 /* Build configuration list for PBXNativeTarget "DaengnyangDiary" */;
			buildPhases = (
				27BBA4F62AB8AC7B86E53F21 /* [CP] Check Pods Manifest.lock */,
				FFAE3E712708C6C300B2CC77 /* SwiftGen */,
				CE975D332707FACD00FA2050 /* Sources */,
				CE975D342707FACD00FA2050 /* Frameworks */,
				CE975D352707FACD00FA2050 /* Resources */,
				5CE3C501F50CC66D4AACDBAD /* [CP] Embed Pods Frameworks */,
			);
			buildRules = (
			);
			dependencies = (
			);
			name = DaengnyangDiary;
			productName = DaengnyangDiary;
			productReference = CE975D372707FACD00FA2050 /* DaengnyangDiary.app */;
			productType = "com.apple.product-type.application";
		};
/* End PBXNativeTarget section */

/* Begin PBXProject section */
		CE975D2F2707FACD00FA2050 /* Project object */ = {
			isa = PBXProject;
			attributes = {
				LastSwiftUpdateCheck = 1250;
				LastUpgradeCheck = 1250;
				TargetAttributes = {
					CE975D362707FACD00FA2050 = {
						CreatedOnToolsVersion = 12.5.1;
					};
				};
			};
			buildConfigurationList = CE975D322707FACD00FA2050 /* Build configuration list for PBXProject "DaengnyangDiary" */;
			compatibilityVersion = "Xcode 9.3";
			developmentRegion = en;
			hasScannedForEncodings = 0;
			knownRegions = (
				en,
				Base,
			);
			mainGroup = CE975D2E2707FACD00FA2050;
			productRefGroup = CE975D382707FACD00FA2050 /* Products */;
			projectDirPath = "";
			projectRoot = "";
			targets = (
				CE975D362707FACD00FA2050 /* DaengnyangDiary */,
			);
		};
/* End PBXProject section */

/* Begin PBXResourcesBuildPhase section */
		CE975D352707FACD00FA2050 /* Resources */ = {
			isa = PBXResourcesBuildPhase;
			buildActionMask = 2147483647;
			files = (
				FFAE3E6027089D6E00B2CC77 /* MainCovercardTableViewCell.xib in Resources */,
				CE975D6427088C7300FA2050 /* Create.storyboard in Resources */,
				FFAE3E5827089CD000B2CC77 /* MainHeaderTableViewCell.xib in Resources */,
				CE975D6C27088C9400FA2050 /* CoverEdit.storyboard in Resources */,
				CE975D472707FACE00FA2050 /* LaunchScreen.storyboard in Resources */,
				CE975D442707FACE00FA2050 /* Assets.xcassets in Resources */,
				FFAE3E682708AA9100B2CC77 /* MainCoverCardCollectionViewCell.xib in Resources */,
				CE975D422707FACD00FA2050 /* Main.storyboard in Resources */,
				FFAE3E732708C73A00B2CC77 /* Image.xcassets in Resources */,
				CE975D802708DA1B00FA2050 /* WebContainerView.storyboard in Resources */,
				CE975D7027089B5100FA2050 /* Color.xcassets in Resources */,
			);
			runOnlyForDeploymentPostprocessing = 0;
		};
/* End PBXResourcesBuildPhase section */

/* Begin PBXShellScriptBuildPhase section */
		27BBA4F62AB8AC7B86E53F21 /* [CP] Check Pods Manifest.lock */ = {
			isa = PBXShellScriptBuildPhase;
			buildActionMask = 2147483647;
			files = (
			);
			inputFileListPaths = (
			);
			inputPaths = (
				"${PODS_PODFILE_DIR_PATH}/Podfile.lock",
				"${PODS_ROOT}/Manifest.lock",
			);
			name = "[CP] Check Pods Manifest.lock";
			outputFileListPaths = (
			);
			outputPaths = (
				"$(DERIVED_FILE_DIR)/Pods-DaengnyangDiary-checkManifestLockResult.txt",
			);
			runOnlyForDeploymentPostprocessing = 0;
			shellPath = /bin/sh;
			shellScript = "diff \"${PODS_PODFILE_DIR_PATH}/Podfile.lock\" \"${PODS_ROOT}/Manifest.lock\" > /dev/null\nif [ $? != 0 ] ; then\n    # print error to STDERR\n    echo \"error: The sandbox is not in sync with the Podfile.lock. Run 'pod install' or update your CocoaPods installation.\" >&2\n    exit 1\nfi\n# This output is used by Xcode 'outputs' to avoid re-running this script phase.\necho \"SUCCESS\" > \"${SCRIPT_OUTPUT_FILE_0}\"\n";
			showEnvVarsInLog = 0;
		};
		5CE3C501F50CC66D4AACDBAD /* [CP] Embed Pods Frameworks */ = {
			isa = PBXShellScriptBuildPhase;
			buildActionMask = 2147483647;
			files = (
			);
			inputFileListPaths = (
				"${PODS_ROOT}/Target Support Files/Pods-DaengnyangDiary/Pods-DaengnyangDiary-frameworks-${CONFIGURATION}-input-files.xcfilelist",
			);
			name = "[CP] Embed Pods Frameworks";
			outputFileListPaths = (
				"${PODS_ROOT}/Target Support Files/Pods-DaengnyangDiary/Pods-DaengnyangDiary-frameworks-${CONFIGURATION}-output-files.xcfilelist",
			);
			runOnlyForDeploymentPostprocessing = 0;
			shellPath = /bin/sh;
			shellScript = "\"${PODS_ROOT}/Target Support Files/Pods-DaengnyangDiary/Pods-DaengnyangDiary-frameworks.sh\"\n";
			showEnvVarsInLog = 0;
		};
		FFAE3E712708C6C300B2CC77 /* SwiftGen */ = {
			isa = PBXShellScriptBuildPhase;
			buildActionMask = 2147483647;
			files = (
			);
			inputFileListPaths = (
			);
			inputPaths = (
			);
			name = SwiftGen;
			outputFileListPaths = (
			);
			outputPaths = (
			);
			runOnlyForDeploymentPostprocessing = 0;
			shellPath = /bin/sh;
			shellScript = "if [[ -f \"${PODS_ROOT}/SwiftGen/bin/swiftgen\" ]]; then\n   swiftgen xcassets \"${SRCROOT}/${TARGETNAME}/Supporting Files/Image.xcassets\" -t swift4 -o \"${SRCROOT}/${TARGETNAME}/Extension/imageAsset.swift\"\nelse\n  echo \"warning: SwiftGen is not installed. Run 'pod install --repo-update' to install it.\"\nfi\n";
		};
/* End PBXShellScriptBuildPhase section */

/* Begin PBXSourcesBuildPhase section */
		CE975D332707FACD00FA2050 /* Sources */ = {
			isa = PBXSourcesBuildPhase;
			buildActionMask = 2147483647;
			files = (
				CE975D6227088C7300FA2050 /* CreateViewModel.swift in Sources */,
				FFAE3E4D270899F200B2CC77 /* UITableViewExtension.swift in Sources */,
				CE975D5B27088BE600FA2050 /* MainViewModel.swift in Sources */,
				FFAE3E752708C7F700B2CC77 /* imageAsset.swift in Sources */,
				CE975D6327088C7300FA2050 /* CreateViewController.swift in Sources */,
				CE975D7A2708B04200FA2050 /* CreateBadgeSelectionTableViewCell.swift in Sources */,
				FFAE3E6A2708AB1700B2CC77 /* UICollectionViewExtension.swift in Sources */,
				CE975D532708885E00FA2050 /* BasicService.swift in Sources */,
				CE975D832708DA5100FA2050 /* WebContainerViewController.swift in Sources */,
				CE975D7D2708D5CA00FA2050 /* DaengnyangWebView.swift in Sources */,
				CE975D6D27088C9400FA2050 /* CoverEditViewController.swift in Sources */,
				CE975D6B27088C9400FA2050 /* CoverEditViewModel.swift in Sources */,
				FFAE3E7A2708D1A000B2CC77 /* UIColor+.swift in Sources */,
				CE975D3F2707FACD00FA2050 /* MainViewController.swift in Sources */,
				CE975D772708A3C100FA2050 /* CreateBadgeSelectionViewModel.swift in Sources */,
				FFAE3E5F27089D6E00B2CC77 /* MainCovercardTableViewCell.swift in Sources */,
				FFAE3E672708AA9100B2CC77 /* MainCoverCardCollectionViewCell.swift in Sources */,
				FFAE3E5727089CD000B2CC77 /* MainHeaderTableViewCell.swift in Sources */,
				FFAE3E792708CE0E00B2CC77 /* UIViewExtension.swift in Sources */,
				FFAE3E772708CC5300B2CC77 /* DateExtension.swift in Sources */,
				CE975D3B2707FACD00FA2050 /* AppDelegate.swift in Sources */,
				CE975D752708A36500FA2050 /* CreateBadgeSelectionViewController.swift in Sources */,
				CE975D5027084D7300FA2050 /* NetworkProvider.swift in Sources */,
				FFAE3E6F2708C31900B2CC77 /* SelectYearButton.swift in Sources */,
				FFAE3E632708A14300B2CC77 /* (null) in Sources */,
			);
			runOnlyForDeploymentPostprocessing = 0;
		};
/* End PBXSourcesBuildPhase section */

/* Begin PBXVariantGroup section */
		CE975D402707FACD00FA2050 /* Main.storyboard */ = {
			isa = PBXVariantGroup;
			children = (
				CE975D412707FACD00FA2050 /* Base */,
			);
			name = Main.storyboard;
			sourceTree = "<group>";
		};
		CE975D452707FACE00FA2050 /* LaunchScreen.storyboard */ = {
			isa = PBXVariantGroup;
			children = (
				CE975D462707FACE00FA2050 /* Base */,
			);
			name = LaunchScreen.storyboard;
			sourceTree = "<group>";
		};
/* End PBXVariantGroup section */

/* Begin XCBuildConfiguration section */
		CE975D492707FACE00FA2050 /* Debug */ = {
			isa = XCBuildConfiguration;
			buildSettings = {
				ALWAYS_SEARCH_USER_PATHS = NO;
				CLANG_ANALYZER_NONNULL = YES;
				CLANG_ANALYZER_NUMBER_OBJECT_CONVERSION = YES_AGGRESSIVE;
				CLANG_CXX_LANGUAGE_STANDARD = "gnu++14";
				CLANG_CXX_LIBRARY = "libc++";
				CLANG_ENABLE_MODULES = YES;
				CLANG_ENABLE_OBJC_ARC = YES;
				CLANG_ENABLE_OBJC_WEAK = YES;
				CLANG_WARN_BLOCK_CAPTURE_AUTORELEASING = YES;
				CLANG_WARN_BOOL_CONVERSION = YES;
				CLANG_WARN_COMMA = YES;
				CLANG_WARN_CONSTANT_CONVERSION = YES;
				CLANG_WARN_DEPRECATED_OBJC_IMPLEMENTATIONS = YES;
				CLANG_WARN_DIRECT_OBJC_ISA_USAGE = YES_ERROR;
				CLANG_WARN_DOCUMENTATION_COMMENTS = YES;
				CLANG_WARN_EMPTY_BODY = YES;
				CLANG_WARN_ENUM_CONVERSION = YES;
				CLANG_WARN_INFINITE_RECURSION = YES;
				CLANG_WARN_INT_CONVERSION = YES;
				CLANG_WARN_NON_LITERAL_NULL_CONVERSION = YES;
				CLANG_WARN_OBJC_IMPLICIT_RETAIN_SELF = YES;
				CLANG_WARN_OBJC_LITERAL_CONVERSION = YES;
				CLANG_WARN_OBJC_ROOT_CLASS = YES_ERROR;
				CLANG_WARN_QUOTED_INCLUDE_IN_FRAMEWORK_HEADER = YES;
				CLANG_WARN_RANGE_LOOP_ANALYSIS = YES;
				CLANG_WARN_STRICT_PROTOTYPES = YES;
				CLANG_WARN_SUSPICIOUS_MOVE = YES;
				CLANG_WARN_UNGUARDED_AVAILABILITY = YES_AGGRESSIVE;
				CLANG_WARN_UNREACHABLE_CODE = YES;
				CLANG_WARN__DUPLICATE_METHOD_MATCH = YES;
				COPY_PHASE_STRIP = NO;
				DEBUG_INFORMATION_FORMAT = dwarf;
				ENABLE_STRICT_OBJC_MSGSEND = YES;
				ENABLE_TESTABILITY = YES;
				GCC_C_LANGUAGE_STANDARD = gnu11;
				GCC_DYNAMIC_NO_PIC = NO;
				GCC_NO_COMMON_BLOCKS = YES;
				GCC_OPTIMIZATION_LEVEL = 0;
				GCC_PREPROCESSOR_DEFINITIONS = (
					"DEBUG=1",
					"$(inherited)",
				);
				GCC_WARN_64_TO_32_BIT_CONVERSION = YES;
				GCC_WARN_ABOUT_RETURN_TYPE = YES_ERROR;
				GCC_WARN_UNDECLARED_SELECTOR = YES;
				GCC_WARN_UNINITIALIZED_AUTOS = YES_AGGRESSIVE;
				GCC_WARN_UNUSED_FUNCTION = YES;
				GCC_WARN_UNUSED_VARIABLE = YES;
				IPHONEOS_DEPLOYMENT_TARGET = 13.0;
				MTL_ENABLE_DEBUG_INFO = INCLUDE_SOURCE;
				MTL_FAST_MATH = YES;
				ONLY_ACTIVE_ARCH = YES;
				SDKROOT = iphoneos;
				SWIFT_ACTIVE_COMPILATION_CONDITIONS = DEBUG;
				SWIFT_OPTIMIZATION_LEVEL = "-Onone";
			};
			name = Debug;
		};
		CE975D4A2707FACE00FA2050 /* Release */ = {
			isa = XCBuildConfiguration;
			buildSettings = {
				ALWAYS_SEARCH_USER_PATHS = NO;
				CLANG_ANALYZER_NONNULL = YES;
				CLANG_ANALYZER_NUMBER_OBJECT_CONVERSION = YES_AGGRESSIVE;
				CLANG_CXX_LANGUAGE_STANDARD = "gnu++14";
				CLANG_CXX_LIBRARY = "libc++";
				CLANG_ENABLE_MODULES = YES;
				CLANG_ENABLE_OBJC_ARC = YES;
				CLANG_ENABLE_OBJC_WEAK = YES;
				CLANG_WARN_BLOCK_CAPTURE_AUTORELEASING = YES;
				CLANG_WARN_BOOL_CONVERSION = YES;
				CLANG_WARN_COMMA = YES;
				CLANG_WARN_CONSTANT_CONVERSION = YES;
				CLANG_WARN_DEPRECATED_OBJC_IMPLEMENTATIONS = YES;
				CLANG_WARN_DIRECT_OBJC_ISA_USAGE = YES_ERROR;
				CLANG_WARN_DOCUMENTATION_COMMENTS = YES;
				CLANG_WARN_EMPTY_BODY = YES;
				CLANG_WARN_ENUM_CONVERSION = YES;
				CLANG_WARN_INFINITE_RECURSION = YES;
				CLANG_WARN_INT_CONVERSION = YES;
				CLANG_WARN_NON_LITERAL_NULL_CONVERSION = YES;
				CLANG_WARN_OBJC_IMPLICIT_RETAIN_SELF = YES;
				CLANG_WARN_OBJC_LITERAL_CONVERSION = YES;
				CLANG_WARN_OBJC_ROOT_CLASS = YES_ERROR;
				CLANG_WARN_QUOTED_INCLUDE_IN_FRAMEWORK_HEADER = YES;
				CLANG_WARN_RANGE_LOOP_ANALYSIS = YES;
				CLANG_WARN_STRICT_PROTOTYPES = YES;
				CLANG_WARN_SUSPICIOUS_MOVE = YES;
				CLANG_WARN_UNGUARDED_AVAILABILITY = YES_AGGRESSIVE;
				CLANG_WARN_UNREACHABLE_CODE = YES;
				CLANG_WARN__DUPLICATE_METHOD_MATCH = YES;
				COPY_PHASE_STRIP = NO;
				DEBUG_INFORMATION_FORMAT = "dwarf-with-dsym";
				ENABLE_NS_ASSERTIONS = NO;
				ENABLE_STRICT_OBJC_MSGSEND = YES;
				GCC_C_LANGUAGE_STANDARD = gnu11;
				GCC_NO_COMMON_BLOCKS = YES;
				GCC_WARN_64_TO_32_BIT_CONVERSION = YES;
				GCC_WARN_ABOUT_RETURN_TYPE = YES_ERROR;
				GCC_WARN_UNDECLARED_SELECTOR = YES;
				GCC_WARN_UNINITIALIZED_AUTOS = YES_AGGRESSIVE;
				GCC_WARN_UNUSED_FUNCTION = YES;
				GCC_WARN_UNUSED_VARIABLE = YES;
				IPHONEOS_DEPLOYMENT_TARGET = 13.0;
				MTL_ENABLE_DEBUG_INFO = NO;
				MTL_FAST_MATH = YES;
				SDKROOT = iphoneos;
				SWIFT_COMPILATION_MODE = wholemodule;
				SWIFT_OPTIMIZATION_LEVEL = "-O";
				VALIDATE_PRODUCT = YES;
			};
			name = Release;
		};
		CE975D4C2707FACE00FA2050 /* Debug */ = {
			isa = XCBuildConfiguration;
			baseConfigurationReference = 664A97504CB91B17558B4729 /* Pods-DaengnyangDiary.debug.xcconfig */;
			buildSettings = {
				ASSETCATALOG_COMPILER_APPICON_NAME = AppIcon;
				ASSETCATALOG_COMPILER_GLOBAL_ACCENT_COLOR_NAME = AccentColor;
				CODE_SIGN_STYLE = Automatic;
				DEVELOPMENT_TEAM = RQ7B74WTDR;
				INFOPLIST_FILE = "DaengnyangDiary/Supporting Files/Info.plist";
				IPHONEOS_DEPLOYMENT_TARGET = 13.0;
				LD_RUNPATH_SEARCH_PATHS = (
					"$(inherited)",
					"@executable_path/Frameworks",
				);
				PRODUCT_BUNDLE_IDENTIFIER = "com.mash-up.DaengnyangDiary";
				PRODUCT_NAME = "$(TARGET_NAME)";
				SWIFT_VERSION = 5.0;
				TARGETED_DEVICE_FAMILY = "1,2";
			};
			name = Debug;
		};
		CE975D4D2707FACE00FA2050 /* Release */ = {
			isa = XCBuildConfiguration;
			baseConfigurationReference = 8C081AFD5517449BF0C9DE9A /* Pods-DaengnyangDiary.release.xcconfig */;
			buildSettings = {
				ASSETCATALOG_COMPILER_APPICON_NAME = AppIcon;
				ASSETCATALOG_COMPILER_GLOBAL_ACCENT_COLOR_NAME = AccentColor;
				CODE_SIGN_STYLE = Automatic;
				DEVELOPMENT_TEAM = RQ7B74WTDR;
				INFOPLIST_FILE = "DaengnyangDiary/Supporting Files/Info.plist";
				IPHONEOS_DEPLOYMENT_TARGET = 13.0;
				LD_RUNPATH_SEARCH_PATHS = (
					"$(inherited)",
					"@executable_path/Frameworks",
				);
				PRODUCT_BUNDLE_IDENTIFIER = "com.mash-up.DaengnyangDiary";
				PRODUCT_NAME = "$(TARGET_NAME)";
				SWIFT_VERSION = 5.0;
				TARGETED_DEVICE_FAMILY = "1,2";
			};
			name = Release;
		};
/* End XCBuildConfiguration section */

/* Begin XCConfigurationList section */
		CE975D322707FACD00FA2050 /* Build configuration list for PBXProject "DaengnyangDiary" */ = {
			isa = XCConfigurationList;
			buildConfigurations = (
				CE975D492707FACE00FA2050 /* Debug */,
				CE975D4A2707FACE00FA2050 /* Release */,
			);
			defaultConfigurationIsVisible = 0;
			defaultConfigurationName = Release;
		};
		CE975D4B2707FACE00FA2050 /* Build configuration list for PBXNativeTarget "DaengnyangDiary" */ = {
			isa = XCConfigurationList;
			buildConfigurations = (
				CE975D4C2707FACE00FA2050 /* Debug */,
				CE975D4D2707FACE00FA2050 /* Release */,
			);
			defaultConfigurationIsVisible = 0;
			defaultConfigurationName = Release;
		};
/* End XCConfigurationList section */
	};
	rootObject = CE975D2F2707FACD00FA2050 /* Project object */;
}
