PODS:
  - Alamofire (5.4.4)
  - Differentiator (4.0.1)
  - Kingfisher (6.3.1)
  - Moya (14.0.0):
    - Moya/Core (= 14.0.0)
  - Moya/Core (14.0.0):
    - Alamofire (~> 5.0)
  - Moya/RxSwift (14.0.0):
    - Moya/Core
    - RxSwift (~> 5.0)
  - RxCocoa (5.1.3):
    - RxRelay (~> 5)
    - RxSwift (~> 5)
  - RxDataSources (4.0.1):
    - Differentiator (~> 4.0)
    - RxCocoa (~> 5.0)
    - RxSwift (~> 5.0)
  - RxRelay (5.1.3):
    - RxSwift (~> 5)
  - RxSwift (5.1.3)
  - SnapKit (5.0.1)

DEPENDENCIES:
  - Kingfisher
  - Moya (~> 14.0)
  - Moya/RxSwift (~> 14.0)
  - RxCocoa (~> 5)
  - RxDataSources (~> 4.0)
  - RxSwift (~> 5)
  - SnapKit

SPEC REPOS:
  trunk:
    - Alamofire
    - Differentiator
    - Kingfisher
    - Moya
    - RxCocoa
    - RxDataSources
    - RxRelay
    - RxSwift
    - SnapKit

SPEC CHECKSUMS:
  Alamofire: f3b09a368f1582ab751b3fff5460276e0d2cf5c9
  Differentiator: 886080237d9f87f322641dedbc5be257061b0602
  Kingfisher: 016c8b653a35add51dd34a3aba36b580041acc74
  Moya: 5b45dacb75adb009f97fde91c204c1e565d31916
  RxCocoa: e2ed092d5432e4296aa818021d27de4090ac0354
  RxDataSources: efee07fa4de48477eca0a4611e6d11e2da9c1114
  RxRelay: 5a18c2eb2d68326ebaf0112f80d837ae41b92b97
  RxSwift: 915abbdfb62214aa89ccd0b194d44fb478019b27
  SnapKit: 97b92857e3df3a0c71833cce143274bf6ef8e5eb

PODFILE CHECKSUM: 8d7f2dbc3659a607e2efb8efa1f1d5cff71b4092

COCOAPODS: 1.10.1
